// !$*UTF8*$!
{
	archiveVersion = 1;
	classes = {
	};
	objectVersion = 50;
	objects = {

/* Begin PBXBuildFile section */
		408ADD96259E281500CEFB88 /* Optional.swift in Sources */ = {isa = PBXBuildFile; fileRef = 408ADD95259E281500CEFB88 /* Optional.swift */; };
		408ADD9E259E405100CEFB88 /* Environment.swift in Sources */ = {isa = PBXBuildFile; fileRef = 408ADD9D259E405100CEFB88 /* Environment.swift */; };
		408ADDA2259E406A00CEFB88 /* NetwrokState.swift in Sources */ = {isa = PBXBuildFile; fileRef = 408ADDA1259E406A00CEFB88 /* NetwrokState.swift */; };
		408ADDA6259E407C00CEFB88 /* NetworkError.swift in Sources */ = {isa = PBXBuildFile; fileRef = 408ADDA5259E407C00CEFB88 /* NetworkError.swift */; };
		408ADDAA259E40C500CEFB88 /* Endpoint.swift in Sources */ = {isa = PBXBuildFile; fileRef = 408ADDA9259E40C500CEFB88 /* Endpoint.swift */; };
		408ADDAE259E40CD00CEFB88 /* Endpoints.swift in Sources */ = {isa = PBXBuildFile; fileRef = 408ADDAD259E40CD00CEFB88 /* Endpoints.swift */; };
		408ADDB3259E413D00CEFB88 /* SearchResultsProvider.swift in Sources */ = {isa = PBXBuildFile; fileRef = 408ADDB2259E413D00CEFB88 /* SearchResultsProvider.swift */; };
		408ADDB9259E4FE800CEFB88 /* EndpointTest.swift in Sources */ = {isa = PBXBuildFile; fileRef = 408ADDB8259E4FE800CEFB88 /* EndpointTest.swift */; };
		40A02C0825964E2C0007C273 /* Network.swift in Sources */ = {isa = PBXBuildFile; fileRef = 40A02C0725964E2C0007C273 /* Network.swift */; };
		40A2FF4E259B4FA800BCECDA /* Format.swift in Sources */ = {isa = PBXBuildFile; fileRef = 40A2FF44259B4FA800BCECDA /* Format.swift */; };
		40A2FF4F259B4FA800BCECDA /* AudioAsset.swift in Sources */ = {isa = PBXBuildFile; fileRef = 40A2FF45259B4FA800BCECDA /* AudioAsset.swift */; };
		40A2FF50259B4FA800BCECDA /* Cover.swift in Sources */ = {isa = PBXBuildFile; fileRef = 40A2FF46259B4FA800BCECDA /* Cover.swift */; };
		40A2FF51259B4FA800BCECDA /* Publisher.swift in Sources */ = {isa = PBXBuildFile; fileRef = 40A2FF47259B4FA800BCECDA /* Publisher.swift */; };
		40A2FF53259B4FA800BCECDA /* Part.swift in Sources */ = {isa = PBXBuildFile; fileRef = 40A2FF49259B4FA800BCECDA /* Part.swift */; };
		40A2FF54259B4FA800BCECDA /* PublisherDetail.swift in Sources */ = {isa = PBXBuildFile; fileRef = 40A2FF4A259B4FA800BCECDA /* PublisherDetail.swift */; };
		40A2FF55259B4FA800BCECDA /* Item.swift in Sources */ = {isa = PBXBuildFile; fileRef = 40A2FF4B259B4FA800BCECDA /* Item.swift */; };
		40A2FF56259B4FA800BCECDA /* SearchResponse.swift in Sources */ = {isa = PBXBuildFile; fileRef = 40A2FF4C259B4FA800BCECDA /* SearchResponse.swift */; };
		40A2FF57259B4FA800BCECDA /* Author.swift in Sources */ = {isa = PBXBuildFile; fileRef = 40A2FF4D259B4FA800BCECDA /* Author.swift */; };
		40A2FF65259B5B2D00BCECDA /* ParseTest.swift in Sources */ = {isa = PBXBuildFile; fileRef = 40A2FF64259B5B2D00BCECDA /* ParseTest.swift */; };
		40A2FF9A259B610800BCECDA /* MockData.json in Resources */ = {isa = PBXBuildFile; fileRef = 40A2FF7C259B5D6800BCECDA /* MockData.json */; };
		40CA29DF25922A2900F71F0B /* AppDelegate.swift in Sources */ = {isa = PBXBuildFile; fileRef = 40CA29DE25922A2900F71F0B /* AppDelegate.swift */; };
		40CA29E325922A2900F71F0B /* RootViewController.swift in Sources */ = {isa = PBXBuildFile; fileRef = 40CA29E225922A2900F71F0B /* RootViewController.swift */; };
		40CA29E825922A2A00F71F0B /* Assets.xcassets in Resources */ = {isa = PBXBuildFile; fileRef = 40CA29E725922A2A00F71F0B /* Assets.xcassets */; };
		40CA29EB25922A2A00F71F0B /* LaunchScreen.storyboard in Resources */ = {isa = PBXBuildFile; fileRef = 40CA29E925922A2A00F71F0B /* LaunchScreen.storyboard */; };
/* End PBXBuildFile section */

/* Begin PBXContainerItemProxy section */
		40CA29F225922A2A00F71F0B /* PBXContainerItemProxy */ = {
			isa = PBXContainerItemProxy;
			containerPortal = 40CA29D325922A2800F71F0B /* Project object */;
			proxyType = 1;
			remoteGlobalIDString = 40CA29DA25922A2800F71F0B;
			remoteInfo = TestInterviewApp;
		};
/* End PBXContainerItemProxy section */

/* Begin PBXFileReference section */
		408ADD95259E281500CEFB88 /* Optional.swift */ = {isa = PBXFileReference; lastKnownFileType = sourcecode.swift; path = Optional.swift; sourceTree = "<group>"; };
		408ADD9D259E405100CEFB88 /* Environment.swift */ = {isa = PBXFileReference; lastKnownFileType = sourcecode.swift; path = Environment.swift; sourceTree = "<group>"; };
		408ADDA1259E406A00CEFB88 /* NetwrokState.swift */ = {isa = PBXFileReference; lastKnownFileType = sourcecode.swift; path = NetwrokState.swift; sourceTree = "<group>"; };
		408ADDA5259E407C00CEFB88 /* NetworkError.swift */ = {isa = PBXFileReference; lastKnownFileType = sourcecode.swift; path = NetworkError.swift; sourceTree = "<group>"; };
		408ADDA9259E40C500CEFB88 /* Endpoint.swift */ = {isa = PBXFileReference; lastKnownFileType = sourcecode.swift; path = Endpoint.swift; sourceTree = "<group>"; };
		408ADDAD259E40CD00CEFB88 /* Endpoints.swift */ = {isa = PBXFileReference; lastKnownFileType = sourcecode.swift; path = Endpoints.swift; sourceTree = "<group>"; };
		408ADDB2259E413D00CEFB88 /* SearchResultsProvider.swift */ = {isa = PBXFileReference; lastKnownFileType = sourcecode.swift; path = SearchResultsProvider.swift; sourceTree = "<group>"; };
		408ADDB8259E4FE800CEFB88 /* EndpointTest.swift */ = {isa = PBXFileReference; lastKnownFileType = sourcecode.swift; path = EndpointTest.swift; sourceTree = "<group>"; };
		40A02C0725964E2C0007C273 /* Network.swift */ = {isa = PBXFileReference; lastKnownFileType = sourcecode.swift; path = Network.swift; sourceTree = "<group>"; };
		40A2FF44259B4FA800BCECDA /* Format.swift */ = {isa = PBXFileReference; fileEncoding = 4; lastKnownFileType = sourcecode.swift; path = Format.swift; sourceTree = "<group>"; };
		40A2FF45259B4FA800BCECDA /* AudioAsset.swift */ = {isa = PBXFileReference; fileEncoding = 4; lastKnownFileType = sourcecode.swift; path = AudioAsset.swift; sourceTree = "<group>"; };
		40A2FF46259B4FA800BCECDA /* Cover.swift */ = {isa = PBXFileReference; fileEncoding = 4; lastKnownFileType = sourcecode.swift; path = Cover.swift; sourceTree = "<group>"; };
		40A2FF47259B4FA800BCECDA /* Publisher.swift */ = {isa = PBXFileReference; fileEncoding = 4; lastKnownFileType = sourcecode.swift; path = Publisher.swift; sourceTree = "<group>"; };
		40A2FF49259B4FA800BCECDA /* Part.swift */ = {isa = PBXFileReference; fileEncoding = 4; lastKnownFileType = sourcecode.swift; path = Part.swift; sourceTree = "<group>"; };
		40A2FF4A259B4FA800BCECDA /* PublisherDetail.swift */ = {isa = PBXFileReference; fileEncoding = 4; lastKnownFileType = sourcecode.swift; path = PublisherDetail.swift; sourceTree = "<group>"; };
		40A2FF4B259B4FA800BCECDA /* Item.swift */ = {isa = PBXFileReference; fileEncoding = 4; lastKnownFileType = sourcecode.swift; path = Item.swift; sourceTree = "<group>"; };
		40A2FF4C259B4FA800BCECDA /* SearchResponse.swift */ = {isa = PBXFileReference; fileEncoding = 4; lastKnownFileType = sourcecode.swift; path = SearchResponse.swift; sourceTree = "<group>"; };
		40A2FF4D259B4FA800BCECDA /* Author.swift */ = {isa = PBXFileReference; fileEncoding = 4; lastKnownFileType = sourcecode.swift; path = Author.swift; sourceTree = "<group>"; };
		40A2FF64259B5B2D00BCECDA /* ParseTest.swift */ = {isa = PBXFileReference; lastKnownFileType = sourcecode.swift; path = ParseTest.swift; sourceTree = "<group>"; };
		40A2FF7C259B5D6800BCECDA /* MockData.json */ = {isa = PBXFileReference; fileEncoding = 4; lastKnownFileType = text.json; path = MockData.json; sourceTree = "<group>"; };
		40CA29DB25922A2800F71F0B /* TestInterviewApp.app */ = {isa = PBXFileReference; explicitFileType = wrapper.application; includeInIndex = 0; path = TestInterviewApp.app; sourceTree = BUILT_PRODUCTS_DIR; };
		40CA29DE25922A2900F71F0B /* AppDelegate.swift */ = {isa = PBXFileReference; lastKnownFileType = sourcecode.swift; path = AppDelegate.swift; sourceTree = "<group>"; };
		40CA29E225922A2900F71F0B /* RootViewController.swift */ = {isa = PBXFileReference; lastKnownFileType = sourcecode.swift; path = RootViewController.swift; sourceTree = "<group>"; };
		40CA29E725922A2A00F71F0B /* Assets.xcassets */ = {isa = PBXFileReference; lastKnownFileType = folder.assetcatalog; path = Assets.xcassets; sourceTree = "<group>"; };
		40CA29EA25922A2A00F71F0B /* Base */ = {isa = PBXFileReference; lastKnownFileType = file.storyboard; name = Base; path = Base.lproj/LaunchScreen.storyboard; sourceTree = "<group>"; };
		40CA29EC25922A2A00F71F0B /* Info.plist */ = {isa = PBXFileReference; lastKnownFileType = text.plist.xml; path = Info.plist; sourceTree = "<group>"; };
		40CA29F125922A2A00F71F0B /* TestInterviewAppTests.xctest */ = {isa = PBXFileReference; explicitFileType = wrapper.cfbundle; includeInIndex = 0; path = TestInterviewAppTests.xctest; sourceTree = BUILT_PRODUCTS_DIR; };
		40CA29F725922A2A00F71F0B /* Info.plist */ = {isa = PBXFileReference; lastKnownFileType = text.plist.xml; path = Info.plist; sourceTree = "<group>"; };
/* End PBXFileReference section */

/* Begin PBXFrameworksBuildPhase section */
		40CA29D825922A2800F71F0B /* Frameworks */ = {
			isa = PBXFrameworksBuildPhase;
			buildActionMask = 2147483647;
			files = (
			);
			runOnlyForDeploymentPostprocessing = 0;
		};
		40CA29EE25922A2A00F71F0B /* Frameworks */ = {
			isa = PBXFrameworksBuildPhase;
			buildActionMask = 2147483647;
			files = (
			);
			runOnlyForDeploymentPostprocessing = 0;
		};
/* End PBXFrameworksBuildPhase section */

/* Begin PBXGroup section */
		408ADD94259E27F300CEFB88 /* Extensions */ = {
			isa = PBXGroup;
			children = (
				408ADD95259E281500CEFB88 /* Optional.swift */,
			);
			path = Extensions;
			sourceTree = "<group>";
		};
		408ADDB1259E412900CEFB88 /* Providers */ = {
			isa = PBXGroup;
			children = (
				408ADDB2259E413D00CEFB88 /* SearchResultsProvider.swift */,
			);
			path = Providers;
			sourceTree = "<group>";
		};
		40A02BB025939BDD0007C273 /* Network */ = {
			isa = PBXGroup;
			children = (
				40A02C0725964E2C0007C273 /* Network.swift */,
				408ADD9D259E405100CEFB88 /* Environment.swift */,
				408ADDA1259E406A00CEFB88 /* NetwrokState.swift */,
				408ADDA5259E407C00CEFB88 /* NetworkError.swift */,
				408ADDA9259E40C500CEFB88 /* Endpoint.swift */,
				408ADDAD259E40CD00CEFB88 /* Endpoints.swift */,
			);
			path = Network;
			sourceTree = "<group>";
		};
		40A02BB125939BE50007C273 /* Model */ = {
			isa = PBXGroup;
			children = (
				40A2FF4C259B4FA800BCECDA /* SearchResponse.swift */,
				40A2FF45259B4FA800BCECDA /* AudioAsset.swift */,
				40A2FF4D259B4FA800BCECDA /* Author.swift */,
				40A2FF46259B4FA800BCECDA /* Cover.swift */,
				40A2FF44259B4FA800BCECDA /* Format.swift */,
				40A2FF4B259B4FA800BCECDA /* Item.swift */,
				40A2FF49259B4FA800BCECDA /* Part.swift */,
				40A2FF47259B4FA800BCECDA /* Publisher.swift */,
				40A2FF4A259B4FA800BCECDA /* PublisherDetail.swift */,
			);
			path = Model;
			sourceTree = "<group>";
		};
		40CA29D225922A2800F71F0B = {
			isa = PBXGroup;
			children = (
				40CA29DD25922A2800F71F0B /* TestInterviewApp */,
				40CA29F425922A2A00F71F0B /* TestInterviewAppTests */,
				40CA29DC25922A2800F71F0B /* Products */,
			);
			sourceTree = "<group>";
		};
		40CA29DC25922A2800F71F0B /* Products */ = {
			isa = PBXGroup;
			children = (
				40CA29DB25922A2800F71F0B /* TestInterviewApp.app */,
				40CA29F125922A2A00F71F0B /* TestInterviewAppTests.xctest */,
			);
			name = Products;
			sourceTree = "<group>";
		};
		40CA29DD25922A2800F71F0B /* TestInterviewApp */ = {
			isa = PBXGroup;
			children = (
				40CA29DE25922A2900F71F0B /* AppDelegate.swift */,
				40F4B48825926007001A17E5 /* View Controller */,
				40A02BB125939BE50007C273 /* Model */,
				40A02BB025939BDD0007C273 /* Network */,
				408ADDB1259E412900CEFB88 /* Providers */,
				408ADD94259E27F300CEFB88 /* Extensions */,
				40F4B48725925FFA001A17E5 /* Resources */,
			);
			path = TestInterviewApp;
			sourceTree = "<group>";
		};
		40CA29F425922A2A00F71F0B /* TestInterviewAppTests */ = {
			isa = PBXGroup;
			children = (
				40A2FF64259B5B2D00BCECDA /* ParseTest.swift */,
				408ADDB8259E4FE800CEFB88 /* EndpointTest.swift */,
				40A2FF7C259B5D6800BCECDA /* MockData.json */,
				40CA29F725922A2A00F71F0B /* Info.plist */,
			);
			path = TestInterviewAppTests;
			sourceTree = "<group>";
		};
		40F4B48725925FFA001A17E5 /* Resources */ = {
			isa = PBXGroup;
			children = (
				40CA29E725922A2A00F71F0B /* Assets.xcassets */,
				40CA29E925922A2A00F71F0B /* LaunchScreen.storyboard */,
				40CA29EC25922A2A00F71F0B /* Info.plist */,
			);
			path = Resources;
			sourceTree = "<group>";
		};
		40F4B48825926007001A17E5 /* View Controller */ = {
			isa = PBXGroup;
			children = (
				40CA29E225922A2900F71F0B /* RootViewController.swift */,
			);
			path = "View Controller";
			sourceTree = "<group>";
		};
/* End PBXGroup section */

/* Begin PBXNativeTarget section */
		40CA29DA25922A2800F71F0B /* TestInterviewApp */ = {
			isa = PBXNativeTarget;
			buildConfigurationList = 40CA2A0525922A2A00F71F0B /* Build configuration list for PBXNativeTarget "TestInterviewApp" */;
			buildPhases = (
				40CA29D725922A2800F71F0B /* Sources */,
				40CA29D825922A2800F71F0B /* Frameworks */,
				40CA29D925922A2800F71F0B /* Resources */,
			);
			buildRules = (
			);
			dependencies = (
			);
			name = TestInterviewApp;
			productName = TestInterviewApp;
			productReference = 40CA29DB25922A2800F71F0B /* TestInterviewApp.app */;
			productType = "com.apple.product-type.application";
		};
		40CA29F025922A2A00F71F0B /* TestInterviewAppTests */ = {
			isa = PBXNativeTarget;
			buildConfigurationList = 40CA2A0825922A2A00F71F0B /* Build configuration list for PBXNativeTarget "TestInterviewAppTests" */;
			buildPhases = (
				40CA29ED25922A2A00F71F0B /* Sources */,
				40CA29EE25922A2A00F71F0B /* Frameworks */,
				40CA29EF25922A2A00F71F0B /* Resources */,
			);
			buildRules = (
			);
			dependencies = (
				40CA29F325922A2A00F71F0B /* PBXTargetDependency */,
			);
			name = TestInterviewAppTests;
			productName = TestInterviewAppTests;
			productReference = 40CA29F125922A2A00F71F0B /* TestInterviewAppTests.xctest */;
			productType = "com.apple.product-type.bundle.unit-test";
		};
/* End PBXNativeTarget section */

/* Begin PBXProject section */
		40CA29D325922A2800F71F0B /* Project object */ = {
			isa = PBXProject;
			attributes = {
				LastSwiftUpdateCheck = 1230;
				LastUpgradeCheck = 1230;
				TargetAttributes = {
					40CA29DA25922A2800F71F0B = {
						CreatedOnToolsVersion = 12.3;
					};
					40CA29F025922A2A00F71F0B = {
						CreatedOnToolsVersion = 12.3;
						TestTargetID = 40CA29DA25922A2800F71F0B;
					};
				};
			};
			buildConfigurationList = 40CA29D625922A2800F71F0B /* Build configuration list for PBXProject "TestInterviewApp" */;
			compatibilityVersion = "Xcode 9.3";
			developmentRegion = en;
			hasScannedForEncodings = 0;
			knownRegions = (
				en,
				Base,
			);
			mainGroup = 40CA29D225922A2800F71F0B;
			productRefGroup = 40CA29DC25922A2800F71F0B /* Products */;
			projectDirPath = "";
			projectRoot = "";
			targets = (
				40CA29DA25922A2800F71F0B /* TestInterviewApp */,
				40CA29F025922A2A00F71F0B /* TestInterviewAppTests */,
			);
		};
/* End PBXProject section */

/* Begin PBXResourcesBuildPhase section */
		40CA29D925922A2800F71F0B /* Resources */ = {
			isa = PBXResourcesBuildPhase;
			buildActionMask = 2147483647;
			files = (
				40CA29EB25922A2A00F71F0B /* LaunchScreen.storyboard in Resources */,
				40CA29E825922A2A00F71F0B /* Assets.xcassets in Resources */,
			);
			runOnlyForDeploymentPostprocessing = 0;
		};
		40CA29EF25922A2A00F71F0B /* Resources */ = {
			isa = PBXResourcesBuildPhase;
			buildActionMask = 2147483647;
			files = (
				40A2FF9A259B610800BCECDA /* MockData.json in Resources */,
			);
			runOnlyForDeploymentPostprocessing = 0;
		};
/* End PBXResourcesBuildPhase section */

/* Begin PBXSourcesBuildPhase section */
		40CA29D725922A2800F71F0B /* Sources */ = {
			isa = PBXSourcesBuildPhase;
			buildActionMask = 2147483647;
			files = (
				408ADDB3259E413D00CEFB88 /* SearchResultsProvider.swift in Sources */,
				40A2FF4E259B4FA800BCECDA /* Format.swift in Sources */,
				408ADDA6259E407C00CEFB88 /* NetworkError.swift in Sources */,
				40A2FF54259B4FA800BCECDA /* PublisherDetail.swift in Sources */,
				40A2FF50259B4FA800BCECDA /* Cover.swift in Sources */,
				408ADDA2259E406A00CEFB88 /* NetwrokState.swift in Sources */,
				408ADD9E259E405100CEFB88 /* Environment.swift in Sources */,
				408ADD96259E281500CEFB88 /* Optional.swift in Sources */,
				40CA29E325922A2900F71F0B /* RootViewController.swift in Sources */,
				40A2FF56259B4FA800BCECDA /* SearchResponse.swift in Sources */,
				40CA29DF25922A2900F71F0B /* AppDelegate.swift in Sources */,
				40A2FF55259B4FA800BCECDA /* Item.swift in Sources */,
				40A2FF4F259B4FA800BCECDA /* AudioAsset.swift in Sources */,
				40A2FF57259B4FA800BCECDA /* Author.swift in Sources */,
				40A02C0825964E2C0007C273 /* Network.swift in Sources */,
				40A2FF53259B4FA800BCECDA /* Part.swift in Sources */,
				408ADDAA259E40C500CEFB88 /* Endpoint.swift in Sources */,
				408ADDAE259E40CD00CEFB88 /* Endpoints.swift in Sources */,
				40A2FF51259B4FA800BCECDA /* Publisher.swift in Sources */,
			);
			runOnlyForDeploymentPostprocessing = 0;
		};
		40CA29ED25922A2A00F71F0B /* Sources */ = {
			isa = PBXSourcesBuildPhase;
			buildActionMask = 2147483647;
			files = (
				408ADDB9259E4FE800CEFB88 /* EndpointTest.swift in Sources */,
				40A2FF65259B5B2D00BCECDA /* ParseTest.swift in Sources */,
			);
			runOnlyForDeploymentPostprocessing = 0;
		};
/* End PBXSourcesBuildPhase section */

/* Begin PBXTargetDependency section */
		40CA29F325922A2A00F71F0B /* PBXTargetDependency */ = {
			isa = PBXTargetDependency;
			target = 40CA29DA25922A2800F71F0B /* TestInterviewApp */;
			targetProxy = 40CA29F225922A2A00F71F0B /* PBXContainerItemProxy */;
		};
/* End PBXTargetDependency section */

/* Begin PBXVariantGroup section */
		40CA29E925922A2A00F71F0B /* LaunchScreen.storyboard */ = {
			isa = PBXVariantGroup;
			children = (
				40CA29EA25922A2A00F71F0B /* Base */,
			);
			name = LaunchScreen.storyboard;
			sourceTree = "<group>";
		};
/* End PBXVariantGroup section */

/* Begin XCBuildConfiguration section */
		40CA2A0325922A2A00F71F0B /* Debug */ = {
			isa = XCBuildConfiguration;
			buildSettings = {
				ALWAYS_SEARCH_USER_PATHS = NO;
				CLANG_ANALYZER_NONNULL = YES;
				CLANG_ANALYZER_NUMBER_OBJECT_CONVERSION = YES_AGGRESSIVE;
				CLANG_CXX_LANGUAGE_STANDARD = "gnu++14";
				CLANG_CXX_LIBRARY = "libc++";
				CLANG_ENABLE_MODULES = YES;
				CLANG_ENABLE_OBJC_ARC = YES;
				CLANG_ENABLE_OBJC_WEAK = YES;
				CLANG_WARN_BLOCK_CAPTURE_AUTORELEASING = YES;
				CLANG_WARN_BOOL_CONVERSION = YES;
				CLANG_WARN_COMMA = YES;
				CLANG_WARN_CONSTANT_CONVERSION = YES;
				CLANG_WARN_DEPRECATED_OBJC_IMPLEMENTATIONS = YES;
				CLANG_WARN_DIRECT_OBJC_ISA_USAGE = YES_ERROR;
				CLANG_WARN_DOCUMENTATION_COMMENTS = YES;
				CLANG_WARN_EMPTY_BODY = YES;
				CLANG_WARN_ENUM_CONVERSION = YES;
				CLANG_WARN_INFINITE_RECURSION = YES;
				CLANG_WARN_INT_CONVERSION = YES;
				CLANG_WARN_NON_LITERAL_NULL_CONVERSION = YES;
				CLANG_WARN_OBJC_IMPLICIT_RETAIN_SELF = YES;
				CLANG_WARN_OBJC_LITERAL_CONVERSION = YES;
				CLANG_WARN_OBJC_ROOT_CLASS = YES_ERROR;
				CLANG_WARN_QUOTED_INCLUDE_IN_FRAMEWORK_HEADER = YES;
				CLANG_WARN_RANGE_LOOP_ANALYSIS = YES;
				CLANG_WARN_STRICT_PROTOTYPES = YES;
				CLANG_WARN_SUSPICIOUS_MOVE = YES;
				CLANG_WARN_UNGUARDED_AVAILABILITY = YES_AGGRESSIVE;
				CLANG_WARN_UNREACHABLE_CODE = YES;
				CLANG_WARN__DUPLICATE_METHOD_MATCH = YES;
				COPY_PHASE_STRIP = NO;
				DEBUG_INFORMATION_FORMAT = dwarf;
				ENABLE_STRICT_OBJC_MSGSEND = YES;
				ENABLE_TESTABILITY = YES;
				GCC_C_LANGUAGE_STANDARD = gnu11;
				GCC_DYNAMIC_NO_PIC = NO;
				GCC_NO_COMMON_BLOCKS = YES;
				GCC_OPTIMIZATION_LEVEL = 0;
				GCC_PREPROCESSOR_DEFINITIONS = (
					"DEBUG=1",
					"$(inherited)",
				);
				GCC_WARN_64_TO_32_BIT_CONVERSION = YES;
				GCC_WARN_ABOUT_RETURN_TYPE = YES_ERROR;
				GCC_WARN_UNDECLARED_SELECTOR = YES;
				GCC_WARN_UNINITIALIZED_AUTOS = YES_AGGRESSIVE;
				GCC_WARN_UNUSED_FUNCTION = YES;
				GCC_WARN_UNUSED_VARIABLE = YES;
				IPHONEOS_DEPLOYMENT_TARGET = 14.3;
				MTL_ENABLE_DEBUG_INFO = INCLUDE_SOURCE;
				MTL_FAST_MATH = YES;
				ONLY_ACTIVE_ARCH = YES;
				SDKROOT = iphoneos;
				SWIFT_ACTIVE_COMPILATION_CONDITIONS = DEBUG;
				SWIFT_OPTIMIZATION_LEVEL = "-Onone";
			};
			name = Debug;
		};
		40CA2A0425922A2A00F71F0B /* Release */ = {
			isa = XCBuildConfiguration;
			buildSettings = {
				ALWAYS_SEARCH_USER_PATHS = NO;
				CLANG_ANALYZER_NONNULL = YES;
				CLANG_ANALYZER_NUMBER_OBJECT_CONVERSION = YES_AGGRESSIVE;
				CLANG_CXX_LANGUAGE_STANDARD = "gnu++14";
				CLANG_CXX_LIBRARY = "libc++";
				CLANG_ENABLE_MODULES = YES;
				CLANG_ENABLE_OBJC_ARC = YES;
				CLANG_ENABLE_OBJC_WEAK = YES;
				CLANG_WARN_BLOCK_CAPTURE_AUTORELEASING = YES;
				CLANG_WARN_BOOL_CONVERSION = YES;
				CLANG_WARN_COMMA = YES;
				CLANG_WARN_CONSTANT_CONVERSION = YES;
				CLANG_WARN_DEPRECATED_OBJC_IMPLEMENTATIONS = YES;
				CLANG_WARN_DIRECT_OBJC_ISA_USAGE = YES_ERROR;
				CLANG_WARN_DOCUMENTATION_COMMENTS = YES;
				CLANG_WARN_EMPTY_BODY = YES;
				CLANG_WARN_ENUM_CONVERSION = YES;
				CLANG_WARN_INFINITE_RECURSION = YES;
				CLANG_WARN_INT_CONVERSION = YES;
				CLANG_WARN_NON_LITERAL_NULL_CONVERSION = YES;
				CLANG_WARN_OBJC_IMPLICIT_RETAIN_SELF = YES;
				CLANG_WARN_OBJC_LITERAL_CONVERSION = YES;
				CLANG_WARN_OBJC_ROOT_CLASS = YES_ERROR;
				CLANG_WARN_QUOTED_INCLUDE_IN_FRAMEWORK_HEADER = YES;
				CLANG_WARN_RANGE_LOOP_ANALYSIS = YES;
				CLANG_WARN_STRICT_PROTOTYPES = YES;
				CLANG_WARN_SUSPICIOUS_MOVE = YES;
				CLANG_WARN_UNGUARDED_AVAILABILITY = YES_AGGRESSIVE;
				CLANG_WARN_UNREACHABLE_CODE = YES;
				CLANG_WARN__DUPLICATE_METHOD_MATCH = YES;
				COPY_PHASE_STRIP = NO;
				DEBUG_INFORMATION_FORMAT = "dwarf-with-dsym";
				ENABLE_NS_ASSERTIONS = NO;
				ENABLE_STRICT_OBJC_MSGSEND = YES;
				GCC_C_LANGUAGE_STANDARD = gnu11;
				GCC_NO_COMMON_BLOCKS = YES;
				GCC_WARN_64_TO_32_BIT_CONVERSION = YES;
				GCC_WARN_ABOUT_RETURN_TYPE = YES_ERROR;
				GCC_WARN_UNDECLARED_SELECTOR = YES;
				GCC_WARN_UNINITIALIZED_AUTOS = YES_AGGRESSIVE;
				GCC_WARN_UNUSED_FUNCTION = YES;
				GCC_WARN_UNUSED_VARIABLE = YES;
				IPHONEOS_DEPLOYMENT_TARGET = 14.3;
				MTL_ENABLE_DEBUG_INFO = NO;
				MTL_FAST_MATH = YES;
				SDKROOT = iphoneos;
				SWIFT_COMPILATION_MODE = wholemodule;
				SWIFT_OPTIMIZATION_LEVEL = "-O";
				VALIDATE_PRODUCT = YES;
			};
			name = Release;
		};
		40CA2A0625922A2A00F71F0B /* Debug */ = {
			isa = XCBuildConfiguration;
			buildSettings = {
				ASSETCATALOG_COMPILER_APPICON_NAME = AppIcon;
				ASSETCATALOG_COMPILER_GLOBAL_ACCENT_COLOR_NAME = AccentColor;
				CODE_SIGN_STYLE = Automatic;
				INFOPLIST_FILE = "$(SRCROOT)/TestInterviewApp/Resources/Info.plist";
				IPHONEOS_DEPLOYMENT_TARGET = 13.0;
				LD_RUNPATH_SEARCH_PATHS = (
					"$(inherited)",
					"@executable_path/Frameworks",
				);
				PRODUCT_BUNDLE_IDENTIFIER = com.sergey.TestInterviewApp;
				PRODUCT_NAME = "$(TARGET_NAME)";
				SWIFT_VERSION = 5.0;
				TARGETED_DEVICE_FAMILY = 1;
			};
			name = Debug;
		};
		40CA2A0725922A2A00F71F0B /* Release */ = {
			isa = XCBuildConfiguration;
			buildSettings = {
				ASSETCATALOG_COMPILER_APPICON_NAME = AppIcon;
				ASSETCATALOG_COMPILER_GLOBAL_ACCENT_COLOR_NAME = AccentColor;
				CODE_SIGN_STYLE = Automatic;
				INFOPLIST_FILE = "$(SRCROOT)/TestInterviewApp/Resources/Info.plist";
				IPHONEOS_DEPLOYMENT_TARGET = 13.0;
				LD_RUNPATH_SEARCH_PATHS = (
					"$(inherited)",
					"@executable_path/Frameworks",
				);
				PRODUCT_BUNDLE_IDENTIFIER = com.sergey.TestInterviewApp;
				PRODUCT_NAME = "$(TARGET_NAME)";
				SWIFT_VERSION = 5.0;
				TARGETED_DEVICE_FAMILY = 1;
			};
			name = Release;
		};
		40CA2A0925922A2A00F71F0B /* Debug */ = {
			isa = XCBuildConfiguration;
			buildSettings = {
				ALWAYS_EMBED_SWIFT_STANDARD_LIBRARIES = YES;
				BUNDLE_LOADER = "$(TEST_HOST)";
				CODE_SIGN_STYLE = Automatic;
				INFOPLIST_FILE = TestInterviewAppTests/Info.plist;
				IPHONEOS_DEPLOYMENT_TARGET = 14.3;
				LD_RUNPATH_SEARCH_PATHS = (
					"$(inherited)",
					"@executable_path/Frameworks",
					"@loader_path/Frameworks",
				);
				PRODUCT_BUNDLE_IDENTIFIER = com.sergey.TestInterviewAppTests;
				PRODUCT_NAME = "$(TARGET_NAME)";
				SWIFT_VERSION = 5.0;
				TARGETED_DEVICE_FAMILY = "1,2";
				TEST_HOST = "$(BUILT_PRODUCTS_DIR)/TestInterviewApp.app/TestInterviewApp";
			};
			name = Debug;
		};
		40CA2A0A25922A2A00F71F0B /* Release */ = {
			isa = XCBuildConfiguration;
			buildSettings = {
				ALWAYS_EMBED_SWIFT_STANDARD_LIBRARIES = YES;
				BUNDLE_LOADER = "$(TEST_HOST)";
				CODE_SIGN_STYLE = Automatic;
				INFOPLIST_FILE = TestInterviewAppTests/Info.plist;
				IPHONEOS_DEPLOYMENT_TARGET = 14.3;
				LD_RUNPATH_SEARCH_PATHS = (
					"$(inherited)",
					"@executable_path/Frameworks",
					"@loader_path/Frameworks",
				);
				PRODUCT_BUNDLE_IDENTIFIER = com.sergey.TestInterviewAppTests;
				PRODUCT_NAME = "$(TARGET_NAME)";
				SWIFT_VERSION = 5.0;
				TARGETED_DEVICE_FAMILY = "1,2";
				TEST_HOST = "$(BUILT_PRODUCTS_DIR)/TestInterviewApp.app/TestInterviewApp";
			};
			name = Release;
		};
/* End XCBuildConfiguration section */

/* Begin XCConfigurationList section */
		40CA29D625922A2800F71F0B /* Build configuration list for PBXProject "TestInterviewApp" */ = {
			isa = XCConfigurationList;
			buildConfigurations = (
				40CA2A0325922A2A00F71F0B /* Debug */,
				40CA2A0425922A2A00F71F0B /* Release */,
			);
			defaultConfigurationIsVisible = 0;
			defaultConfigurationName = Release;
		};
		40CA2A0525922A2A00F71F0B /* Build configuration list for PBXNativeTarget "TestInterviewApp" */ = {
			isa = XCConfigurationList;
			buildConfigurations = (
				40CA2A0625922A2A00F71F0B /* Debug */,
				40CA2A0725922A2A00F71F0B /* Release */,
			);
			defaultConfigurationIsVisible = 0;
			defaultConfigurationName = Release;
		};
		40CA2A0825922A2A00F71F0B /* Build configuration list for PBXNativeTarget "TestInterviewAppTests" */ = {
			isa = XCConfigurationList;
			buildConfigurations = (
				40CA2A0925922A2A00F71F0B /* Debug */,
				40CA2A0A25922A2A00F71F0B /* Release */,
			);
			defaultConfigurationIsVisible = 0;
			defaultConfigurationName = Release;
		};
/* End XCConfigurationList section */
	};
	rootObject = 40CA29D325922A2800F71F0B /* Project object */;
}
